
Microsoft Visual Studio Solution File, Format Version 12.00
# Visual Studio 15
VisualStudioVersion = 15.0.28307.489
MinimumVisualStudioVersion = 10.0.40219.1
Project("{FAE04EC0-301F-11D3-BF4B-00C04F79EFBC}") = "ECommerceGatewayAPI", "ECommerceGatewayAPI\ECommerceGatewayAPI.csproj", "{CBCD73E8-C5BC-4BF7-85FB-1B29C6BAD7FE}"
EndProject
Global
	GlobalSection(SolutionConfigurationPlatforms) = preSolution
		Debug|Any CPU = Debug|Any CPU
		Release|Any CPU = Release|Any CPU
	EndGlobalSection
	GlobalSection(ProjectConfigurationPlatforms) = postSolution
		{CBCD73E8-C5BC-4BF7-85FB-1B29C6BAD7FE}.Debug|Any CPU.ActiveCfg = Debug|Any CPU
		{CBCD73E8-C5BC-4BF7-85FB-1B29C6BAD7FE}.Debug|Any CPU.Build.0 = Debug|Any CPU
		{CBCD73E8-C5BC-4BF7-85FB-1B29C6BAD7FE}.Release|Any CPU.ActiveCfg = Release|Any CPU
		{CBCD73E8-C5BC-4BF7-85FB-1B29C6BAD7FE}.Release|Any CPU.Build.0 = Release|Any CPU
	EndGlobalSection
	GlobalSection(SolutionProperties) = preSolution
		HideSolutionNode = FALSE
	EndGlobalSection
	GlobalSection(ExtensibilityGlobals) = postSolution
		SolutionGuid = {A0C6C1B9-FF4F-4EE4-AC5C-20BC54DCF8BB}
	EndGlobalSection
EndGlobal
